
Microsoft Visual Studio Solution File, Format Version 12.00
# Visual Studio 15
VisualStudioVersion = 15.0.28307.168
MinimumVisualStudioVersion = 10.0.40219.1
Project("{8BC9CEB8-8B4A-11D0-8D11-00A0C91BC942}") = "litegraph_cpp", "litegraph_cpp\litegraph_cpp.vcxproj", "{AAEDB798-2BB8-498E-BF29-6DEB20D159A8}"
EndProject
Global
	GlobalSection(SolutionConfigurationPlatforms) = preSolution
		Debug|x64 = Debug|x64
		Debug|x86 = Debug|x86
		Release|x64 = Release|x64
		Release|x86 = Release|x86
	EndGlobalSection
	GlobalSection(ProjectConfigurationPlatforms) = postSolution
		{AAEDB798-2BB8-498E-BF29-6DEB20D159A8}.Debug|x64.ActiveCfg = Debug|x64
		{AAEDB798-2BB8-498E-BF29-6DEB20D159A8}.Debug|x64.Build.0 = Debug|x64
		{AAEDB798-2BB8-498E-BF29-6DEB20D159A8}.Debug|x86.ActiveCfg = Debug|Win32
		{AAEDB798-2BB8-498E-BF29-6DEB20D159A8}.Debug|x86.Build.0 = Debug|Win32
		{AAEDB798-2BB8-498E-BF29-6DEB20D159A8}.Release|x64.ActiveCfg = Release|x64
		{AAEDB798-2BB8-498E-BF29-6DEB20D159A8}.Release|x64.Build.0 = Release|x64
		{AAEDB798-2BB8-498E-BF29-6DEB20D159A8}.Release|x86.ActiveCfg = Release|Win32
		{AAEDB798-2BB8-498E-BF29-6DEB20D159A8}.Release|x86.Build.0 = Release|Win32
	EndGlobalSection
	GlobalSection(SolutionProperties) = preSolution
		HideSolutionNode = FALSE
	EndGlobalSection
	GlobalSection(ExtensibilityGlobals) = postSolution
		SolutionGuid = {2C96159A-47DE-4A16-94F6-FFF4E7B2B5B5}
	EndGlobalSection
EndGlobal
